
Microsoft Visual Studio Solution File, Format Version 12.00
# Visual Studio Version 16
VisualStudioVersion = 16.0.31424.327
MinimumVisualStudioVersion = 10.0.40219.1
Project("{FAE04EC0-301F-11D3-BF4B-00C04F79EFBC}") = "Ötödikgyakorlat", "Ötödikgyakorlat\Ötödikgyakorlat.csproj", "{1F32003A-3EE3-4CF4-A625-8545037D10A5}"
EndProject
Global
	GlobalSection(SolutionConfigurationPlatforms) = preSolution
		Debug|Any CPU = Debug|Any CPU
		Release|Any CPU = Release|Any CPU
	EndGlobalSection
	GlobalSection(ProjectConfigurationPlatforms) = postSolution
		{1F32003A-3EE3-4CF4-A625-8545037D10A5}.Debug|Any CPU.ActiveCfg = Debug|Any CPU
		{1F32003A-3EE3-4CF4-A625-8545037D10A5}.Debug|Any CPU.Build.0 = Debug|Any CPU
		{1F32003A-3EE3-4CF4-A625-8545037D10A5}.Release|Any CPU.ActiveCfg = Release|Any CPU
		{1F32003A-3EE3-4CF4-A625-8545037D10A5}.Release|Any CPU.Build.0 = Release|Any CPU
	EndGlobalSection
	GlobalSection(SolutionProperties) = preSolution
		HideSolutionNode = FALSE
	EndGlobalSection
	GlobalSection(ExtensibilityGlobals) = postSolution
		SolutionGuid = {61DCE149-9719-48C2-8ADA-451C09BE8ACF}
	EndGlobalSection
EndGlobal
