
Microsoft Visual Studio Solution File, Format Version 12.00
# Visual Studio Version 16
VisualStudioVersion = 16.0.33027.164
MinimumVisualStudioVersion = 10.0.40219.1
Project("{FAE04EC0-301F-11D3-BF4B-00C04F79EFBC}") = "HetedikHet_Gyakorlas", "HetedikHet_Gyakorlas\HetedikHet_Gyakorlas.csproj", "{2D39354B-5853-4CF5-B8E4-7D7B10698E83}"
EndProject
Global
	GlobalSection(SolutionConfigurationPlatforms) = preSolution
		Debug|Any CPU = Debug|Any CPU
		Release|Any CPU = Release|Any CPU
	EndGlobalSection
	GlobalSection(ProjectConfigurationPlatforms) = postSolution
		{2D39354B-5853-4CF5-B8E4-7D7B10698E83}.Debug|Any CPU.ActiveCfg = Debug|Any CPU
		{2D39354B-5853-4CF5-B8E4-7D7B10698E83}.Debug|Any CPU.Build.0 = Debug|Any CPU
		{2D39354B-5853-4CF5-B8E4-7D7B10698E83}.Release|Any CPU.ActiveCfg = Release|Any CPU
		{2D39354B-5853-4CF5-B8E4-7D7B10698E83}.Release|Any CPU.Build.0 = Release|Any CPU
	EndGlobalSection
	GlobalSection(SolutionProperties) = preSolution
		HideSolutionNode = FALSE
	EndGlobalSection
	GlobalSection(ExtensibilityGlobals) = postSolution
		SolutionGuid = {FBA403DC-A12E-43D1-9E1E-F3A603D6E847}
	EndGlobalSection
EndGlobal
